
Microsoft Visual Studio Solution File, Format Version 12.00
# Visual Studio 15
Project("{FAE04EC0-301F-11D3-BF4B-00C04F79EFBC}") = "Assembly-CSharp-firstpass", "Assembly-CSharp-firstpass.csproj", "{A7234C01-793D-901E-4459-EF62C87C5D9F}"
EndProject
Project("{FAE04EC0-301F-11D3-BF4B-00C04F79EFBC}") = "Assembly-CSharp", "Assembly-CSharp.csproj", "{CAC6E85F-8C81-B97D-2EB5-495A565A963F}"
EndProject
Project("{FAE04EC0-301F-11D3-BF4B-00C04F79EFBC}") = "Assembly-CSharp-Editor-firstpass", "Assembly-CSharp-Editor-firstpass.csproj", "{8FC37FFB-E5D1-5FA3-9AC7-8063CA651D14}"
EndProject
Project("{FAE04EC0-301F-11D3-BF4B-00C04F79EFBC}") = "Assembly-CSharp-Editor", "Assembly-CSharp-Editor.csproj", "{6E4F5AB1-AC09-2E2C-95C3-45CFE9EC40F7}"
EndProject
Global
	GlobalSection(SolutionConfigurationPlatforms) = preSolution
		Debug|Any CPU = Debug|Any CPU
		Release|Any CPU = Release|Any CPU
	EndGlobalSection
	GlobalSection(ProjectConfigurationPlatforms) = postSolution
		{A7234C01-793D-901E-4459-EF62C87C5D9F}.Debug|Any CPU.ActiveCfg = Debug|Any CPU
		{A7234C01-793D-901E-4459-EF62C87C5D9F}.Debug|Any CPU.Build.0 = Debug|Any CPU
		{A7234C01-793D-901E-4459-EF62C87C5D9F}.Release|Any CPU.ActiveCfg = Release|Any CPU
		{A7234C01-793D-901E-4459-EF62C87C5D9F}.Release|Any CPU.Build.0 = Release|Any CPU
		{CAC6E85F-8C81-B97D-2EB5-495A565A963F}.Debug|Any CPU.ActiveCfg = Debug|Any CPU
		{CAC6E85F-8C81-B97D-2EB5-495A565A963F}.Debug|Any CPU.Build.0 = Debug|Any CPU
		{CAC6E85F-8C81-B97D-2EB5-495A565A963F}.Release|Any CPU.ActiveCfg = Release|Any CPU
		{CAC6E85F-8C81-B97D-2EB5-495A565A963F}.Release|Any CPU.Build.0 = Release|Any CPU
		{8FC37FFB-E5D1-5FA3-9AC7-8063CA651D14}.Debug|Any CPU.ActiveCfg = Debug|Any CPU
		{8FC37FFB-E5D1-5FA3-9AC7-8063CA651D14}.Debug|Any CPU.Build.0 = Debug|Any CPU
		{8FC37FFB-E5D1-5FA3-9AC7-8063CA651D14}.Release|Any CPU.ActiveCfg = Release|Any CPU
		{8FC37FFB-E5D1-5FA3-9AC7-8063CA651D14}.Release|Any CPU.Build.0 = Release|Any CPU
		{6E4F5AB1-AC09-2E2C-95C3-45CFE9EC40F7}.Debug|Any CPU.ActiveCfg = Debug|Any CPU
		{6E4F5AB1-AC09-2E2C-95C3-45CFE9EC40F7}.Debug|Any CPU.Build.0 = Debug|Any CPU
		{6E4F5AB1-AC09-2E2C-95C3-45CFE9EC40F7}.Release|Any CPU.ActiveCfg = Release|Any CPU
		{6E4F5AB1-AC09-2E2C-95C3-45CFE9EC40F7}.Release|Any CPU.Build.0 = Release|Any CPU
	EndGlobalSection
	GlobalSection(SolutionProperties) = preSolution
		HideSolutionNode = FALSE
	EndGlobalSection
EndGlobal
